
Microsoft Visual Studio Solution File, Format Version 12.00
# Visual Studio Version 16
VisualStudioVersion = 16.0.30011.22
MinimumVisualStudioVersion = 10.0.40219.1
Project("{FAE04EC0-301F-11D3-BF4B-00C04F79EFBC}") = "Tv_Laidos", "Tv_Laidos\Tv_Laidos.csproj", "{A2A98C9F-C2F1-4DBB-B207-5E4A0E801EC8}"
EndProject
Global
	GlobalSection(SolutionConfigurationPlatforms) = preSolution
		Debug|Any CPU = Debug|Any CPU
		Release|Any CPU = Release|Any CPU
	EndGlobalSection
	GlobalSection(ProjectConfigurationPlatforms) = postSolution
		{A2A98C9F-C2F1-4DBB-B207-5E4A0E801EC8}.Debug|Any CPU.ActiveCfg = Debug|Any CPU
		{A2A98C9F-C2F1-4DBB-B207-5E4A0E801EC8}.Debug|Any CPU.Build.0 = Debug|Any CPU
		{A2A98C9F-C2F1-4DBB-B207-5E4A0E801EC8}.Release|Any CPU.ActiveCfg = Release|Any CPU
		{A2A98C9F-C2F1-4DBB-B207-5E4A0E801EC8}.Release|Any CPU.Build.0 = Release|Any CPU
	EndGlobalSection
	GlobalSection(SolutionProperties) = preSolution
		HideSolutionNode = FALSE
	EndGlobalSection
	GlobalSection(ExtensibilityGlobals) = postSolution
		SolutionGuid = {2A65A01D-22D0-42FA-B169-FE4B5DF91855}
	EndGlobalSection
EndGlobal
